{
  "name": "logd-console-transport",
  "version": "1.0.4",
  "lockfileVersion": 3,
  "requires": true,
  "packages": {
    "": {
      "name": "logd-console-transport",
      "version": "1.0.4",
      "license": "MIT",
      "dependencies": {
        "logd": "^4.0.1",
        "logd-console-output": "^2.0.0"
      },
      "devDependencies": {
        "@tsconfig/node18": "^18.2.4",
        "typescript": "^5.5.4"
      }
    },
    "node_modules/@tsconfig/node18": {
      "version": "18.2.4",
      "resolved": "https://registry.npmjs.org/@tsconfig/node18/-/node18-18.2.4.tgz",
      "integrity": "sha512-5xxU8vVs9/FNcvm3gE07fPbn9tl6tqGGWA9tSlwsUEkBxtRnTsNmwrV8gasZ9F/EobaSv9+nu8AxUKccw77JpQ==",
      "dev": true,
      "license": "MIT"
    },
    "node_modules/app-root-path": {
      "version": "3.1.0",
      "resolved": "https://registry.npmjs.org/app-root-path/-/app-root-path-3.1.0.tgz",
      "integrity": "sha512-biN3PwB2gUtjaYy/isrU3aNWI5w+fAfvHkSvCKeQGxhmYpwKFUxudR3Yya+KqVRHBmEDYh+/lTozYCFbmzX4nA==",
      "license": "MIT",
      "engines": {
        "node": ">= 6.0.0"
      }
    },
    "node_modules/chalk": {
      "version": "5.3.0",
      "resolved": "https://registry.npmjs.org/chalk/-/chalk-5.3.0.tgz",
      "integrity": "sha512-dLitG79d+GV1Nb/VYcCDFivJeK1hiukt9QjRNVOsUtTy1rR1YJsmpGGTZ3qJos+uw7WmWF4wUwBd9jxjocFC2w==",
      "license": "MIT",
      "engines": {
        "node": "^12.17.0 || ^14.13 || >=16.0.0"
      },
      "funding": {
        "url": "https://github.com/chalk/chalk?sponsor=1"
      }
    },
    "node_modules/ee-argv": {
      "version": "0.1.4",
      "resolved": "https://registry.npmjs.org/ee-argv/-/ee-argv-0.1.4.tgz",
      "integrity": "sha512-L/bJ7iteO7JlaOmjwWObBAoy2XnqP9sgazSE25xLenBmkN6HELbcZJISBFwvixL8re7HgCn2KrwuC/Ai0/s6hQ==",
      "license": "MIT",
      "engines": {
        "node": ">=0.10.7"
      }
    },
    "node_modules/ee-class": {
      "version": "1.4.0",
      "resolved": "https://registry.npmjs.org/ee-class/-/ee-class-1.4.0.tgz",
      "integrity": "sha512-0rHVsCh/QNXHkX4HEnh9IR2/VDPc2KoOjvbSp3BqxH/fbvHtniteQOCjYWCTYvkfQj/KRSTcc/eXP7z/Ic20mg==",
      "license": "MIT",
      "engines": {
        "node": ">=v4.2.1"
      }
    },
    "node_modules/ee-log": {
      "version": "0.3.11",
      "resolved": "https://registry.npmjs.org/ee-log/-/ee-log-0.3.11.tgz",
      "integrity": "sha512-olInmgmDZ9f8FO7Wct/VIfIMWT3aLKaZz6U0MTnLMSRwzu08/K43zX5t32wtSvwvjyHQ/MdPH7pGoBIa6H68ag==",
      "license": "MIT",
      "dependencies": {
        "ee-argv": "0.1.x",
        "ee-class": "1.x",
        "ee-types": "2.x"
      },
      "engines": {
        "node": "*"
      }
    },
    "node_modules/ee-log/node_modules/ee-types": {
      "version": "2.2.1",
      "resolved": "https://registry.npmjs.org/ee-types/-/ee-types-2.2.1.tgz",
      "integrity": "sha512-ZgShE8RXsE+DFAddCmduKwUwoNLZd7Ik6yv6LFEUDfz/6k2s6rTvABQS8dO2EibJpYFWREOx/ealtwuTUXeeYg==",
      "license": "MIT",
      "dependencies": {
        "ee-class": "^1.4.0"
      }
    },
    "node_modules/ee-types": {
      "version": "4.0.4",
      "resolved": "https://registry.npmjs.org/ee-types/-/ee-types-4.0.4.tgz",
      "integrity": "sha512-mOiG7wpYodP/l6rurtC+VWVdckMV76W8hUkCNH2qRrLfBjMPLL1WmAsubkvBFS4uYDmdStSEyS7vAdSBKYStDw==",
      "license": "MIT"
    },
    "node_modules/logd": {
      "version": "4.0.1",
      "resolved": "https://registry.npmjs.org/logd/-/logd-4.0.1.tgz",
      "integrity": "sha512-IVNsJtmb7agnUVh0xX4T6RZoC4HvnQRSur6DzJKwKO/3lakOsXkn5iev86Me1lE+di0FXwi8daHWQbVaCTWQ1w==",
      "license": "MIT",
      "dependencies": {
        "app-root-path": "^2.2.1",
        "ee-log": "^0.3.11",
        "uuid": "^9.0.0"
      }
    },
    "node_modules/logd-console-output": {
      "version": "2.0.3",
      "resolved": "https://registry.npmjs.org/logd-console-output/-/logd-console-output-2.0.3.tgz",
      "integrity": "sha512-QOWZCPEA9xlKp4x84AqchqtVRsiBnQqZZh/PRuZQnZRJqCcRRqlkP2AaJt5RWh9sjMYHX+rTTY7i16U0BQjJtg==",
      "license": "MIT",
      "dependencies": {
        "app-root-path": "^3.1.0",
        "chalk": "^5.3.0",
        "ee-types": "^4.0.2"
      }
    },
    "node_modules/logd/node_modules/app-root-path": {
      "version": "2.2.1",
      "resolved": "https://registry.npmjs.org/app-root-path/-/app-root-path-2.2.1.tgz",
      "integrity": "sha512-91IFKeKk7FjfmezPKkwtaRvSpnUc4gDwPAjA1YZ9Gn0q0PPeW+vbeUsZuyDwjI7+QTHhcLen2v25fi/AmhvbJA==",
      "license": "MIT",
      "engines": {
        "node": ">= 6.0.0"
      }
    },
    "node_modules/typescript": {
      "version": "5.5.4",
      "resolved": "https://registry.npmjs.org/typescript/-/typescript-5.5.4.tgz",
      "integrity": "sha512-Mtq29sKDAEYP7aljRgtPOpTvOfbwRWlS6dPRzwjdE+C0R4brX/GUyhHSecbHMFLNBLcJIPt9nl9yG5TZ1weH+Q==",
      "dev": true,
      "license": "Apache-2.0",
      "bin": {
        "tsc": "bin/tsc",
        "tsserver": "bin/tsserver"
      },
      "engines": {
        "node": ">=14.17"
      }
    },
    "node_modules/uuid": {
      "version": "9.0.1",
      "resolved": "https://registry.npmjs.org/uuid/-/uuid-9.0.1.tgz",
      "integrity": "sha512-b+1eJOlsR9K8HJpow9Ok3fiWOWSIcIzXodvv0rQjVoOVNpWMpxf1wZNpt4y9h10odCNrqnYp1OBzRktckBe3sA==",
      "funding": [
        "https://github.com/sponsors/broofa",
        "https://github.com/sponsors/ctavan"
      ],
      "license": "MIT",
      "bin": {
        "uuid": "dist/bin/uuid"
      }
    }
  }
}
